hash: 08d2e545ece8e488774bb2ba6cff2ce04cabf10da1d3cbe60c23c4ac4ceb8e22
updated: 2016-10-08T20:14:41.769603565-05:00
imports:
- name: git.torproject.org/pluggable-transports/goptlib.git
  version: 50915b3ba5ee27c0b2fcdad9edd51156fb55192c
- name: git.torproject.org/pluggable-transports/obfs4.git
  version: 62057625eaba2a555967b9615039d43dda071360
  subpackages:
  - transports/base
  - transports/obfs4
  - common/csrand
  - common/drbg
  - common/ntor
  - common/probdist
  - common/replayfilter
  - transports/obfs4/framing
- name: github.com/agl/ed25519
  version: 278e1ec8e8a6e017cd07577924d6766039146ced
  subpackages:
  - extra25519
  - edwards25519
- name: github.com/dchest/siphash
  version: 4ebf1de738443ea7f45f02dc394c4df1942a126d
- name: github.com/getlantern/borda
  version: fbb1bc83cc7b0bc0f0406f786cbd84ee8814e2f5
  subpackages:
  - client
- name: github.com/getlantern/byteexec
  version: 2e21fedeb225921a8dc40321cbd114ffd0a302f3
- name: github.com/getlantern/context
  version: 624d99b1798d7c5375ea1d3ca4c5b04d58f7c775
- name: github.com/getlantern/errors
  version: 99fa440517e8f3d1e4cd8d6dbed6b41f4c1ed3d6
- name: github.com/getlantern/eventual
  version: 8a3a062ff1605f65e4d710e016c39bb69e91b6f8
- name: github.com/getlantern/filepersist
  version: c5f0cd24e7991579ba6f5f1bd20a1ad2c9f06cd4
- name: github.com/getlantern/go-loggly
  version: d15e28ab7389ed5d644ccb891d9d54154e43cd27
- name: github.com/getlantern/golog
  version: e69a4a00c012e476efd814128cdcd4e04e641dc7
- name: github.com/getlantern/hex
  version: 083fba3033ad473db3dd31c9bb368473d37581a7
- name: github.com/getlantern/hidden
  version: d52a649ab33af200943bb599898dbdcfdbc94cb7
- name: github.com/getlantern/http-proxy
  version: b7509e3509481a749744253fec6fadb6cb03d4ba
  subpackages:
  - commonfilter
  - filters
  - forward
  - httpconnect
  - listeners
  - logging
  - server
  - ratelimiter
  - stateful
  - utils
  - buffers
- name: github.com/getlantern/http-proxy-lantern
  version: 3c920ec230bf7af08090aeb6092f28de52f4c47d
  subpackages:
  - analytics
  - blacklist
  - borda
  - configserverfilter
  - devicefilter
  - kcplistener
  - listeners
  - mimic
  - obfs4listener
  - opsfilter
  - ping
  - profilter
  - redis
  - tokenfilter
  - common
  - usage
  - metrics
- name: github.com/getlantern/idletiming
  version: 7e0189052a9c7fec39114edd1b6e5f1093394415
- name: github.com/getlantern/interceptor
  version: 14754c30ee790ddec5db8749d1dad951d65da4ab
- name: github.com/getlantern/keyman
  version: 27a13a8da00afce6b6b7e4b4b486a440b4629718
  subpackages:
  - certimporter
- name: github.com/getlantern/measured
  version: 9abc2622c88edcbe1436a80e69f912b3ccfc73bf
- name: github.com/getlantern/netx
  version: 70375a276c57e76c1fe1e2fbdb4c2d2714a67b39
- name: github.com/getlantern/ops
  version: b70875f5d689a9438bca72aefd7142a2af889b18
- name: github.com/getlantern/rotator
  version: 013d4f8e36a2f6369b2435d89866056b5b74c69e
- name: github.com/getlantern/stack
  version: 02f928aad224fbccd50d66edd776fc9d1e9f2f2b
- name: github.com/getlantern/tlsdefaults
  version: e9da92daa10f62c8a1aa59188e64317cb3beebb0
- name: github.com/getlantern/withtimeout
  version: 511f017cd91361be75ad73fee96e466a5d790312
- name: github.com/golang/groupcache
  version: a6b377e3400b08991b80d6805d627f347f983866
  subpackages:
  - lru
- name: github.com/gorilla/context
  version: 08b5f424b9271eedf6f9f0ce86cb9396ed337a42
- name: github.com/hashicorp/golang-lru
  version: 0a025b7e63adc15a622f29b0b2c4c3848243bbf6
  subpackages:
  - simplelru
- name: github.com/klauspost/cpuid
  version: 09cded8978dc9e80714c4d85b0322337b0a1e5e0
- name: github.com/klauspost/crc32
  version: 19b0b332c9e4516a6370a0456e6182c3b5036720
- name: github.com/klauspost/reedsolomon
  version: c54154da9e35cab25232314cf69ab9d78447f9a5
- name: github.com/mxk/go-flowrate
  version: cca7078d478f8520f85629ad7c68962d31ed7682
  subpackages:
  - flowrate
- name: github.com/oxtoacart/bpool
  version: 4e1c5567d7c2dd59fa4c7c83d34c2f3528b025d6
- name: github.com/pkg/errors
  version: 839d9e913e063e28dfd0e6c7b7512793e0a48be9
- name: github.com/rcrowley/go-metrics
  version: ab2277b1c5d15c3cba104e9cbddbdfc622df5ad8
- name: github.com/stretchr/testify
  version: 976c720a22c8eb4eb6a0b4348ad85ad12491a506
  subpackages:
  - assert
- name: github.com/vharitonsky/iniflags
  version: 743d6901e7ca8ab61ac533a8c49939ac8b560e72
- name: github.com/visionmedia/go-debug
  version: ff4a55a20a86994118644bbddc6a216da193cc13
- name: github.com/xtaci/kcp-go
  version: e9c2f49ea6a99f8889f5c2ef192c499f8c0aa772
- name: golang.org/x/crypto
  version: d172538b2cfce0c13cee31e647d0367aa8cd2486
  subpackages:
  - blowfish
  - cast5
  - pbkdf2
  - salsa20
  - tea
  - twofish
  - xtea
  - salsa20/salsa
  - curve25519
  - hkdf
  - nacl/secretbox
  - poly1305
- name: golang.org/x/net
  version: f4b625ec9b21d620bb5ce57f2dfc3e08ca97fce6
  subpackages:
  - ipv4
  - bpf
  - internal/iana
  - internal/netreflect
- name: gopkg.in/bsm/ratelimit.v1
  version: db14e161995a5177acef654cb0dd785e8ee8bc22
- name: gopkg.in/redis.v3
  version: b5e368500d0a508ef8f16e9c2d4025a8a46bcc29
  subpackages:
  - internal
  - internal/consistenthash
  - internal/hashtag
  - internal/pool
devImports: []
