hash: 311468661fd242d84f5f6a91d10583c013d1c4293dfb0b7746df1055107390fb
updated: 2017-03-31T13:31:38.360607963-05:00
imports:
- name: git.torproject.org/pluggable-transports/goptlib.git
  version: fcc1d072d63b3e843495d4af4c0f522ddbb9fefc
- name: git.torproject.org/pluggable-transports/obfs4.git
  version: 97a875ec3c0afa629405c78e750d27e4e1f851ca
  subpackages:
  - common/csrand
  - common/drbg
  - common/ntor
  - common/probdist
  - common/replayfilter
  - transports/base
  - transports/obfs4
  - transports/obfs4/framing
- name: github.com/agl/ed25519
  version: 5312a61534124124185d41f09206b9fef1d88403
  subpackages:
  - edwards25519
  - extra25519
- name: github.com/aristanetworks/goarista
  version: 79baa1b1fe5f0e1dd4e6920d35180192939678c4
  subpackages:
  - monotime
- name: github.com/dchest/siphash
  version: 4ebf1de738443ea7f45f02dc394c4df1942a126d
- name: github.com/dustin/go-humanize
  version: 259d2a102b871d17f30e3cd9881a642961a1e486
- name: github.com/getlantern/bbrconn
  version: 02b1f22722cfc5afd58f9234e65c18a401a1ad22
- name: github.com/getlantern/borda
  version: 9342480e72c6d26c3af9153aa9c787fc237529b7
  subpackages:
  - client
- name: github.com/getlantern/byteexec
  version: 2e21fedeb225921a8dc40321cbd114ffd0a302f3
- name: github.com/getlantern/bytemap
  version: 807aefefeb0978ae9572ddfe7ec99b68f3da03e2
- name: github.com/getlantern/context
  version: 624d99b1798d7c5375ea1d3ca4c5b04d58f7c775
- name: github.com/getlantern/ema
  version: d906ee7c3465210c328abbe6ea0f855db9db679c
- name: github.com/getlantern/errors
  version: 99fa440517e8f3d1e4cd8d6dbed6b41f4c1ed3d6
- name: github.com/getlantern/eventual
  version: 8a3a062ff1605f65e4d710e016c39bb69e91b6f8
- name: github.com/getlantern/filepersist
  version: c5f0cd24e7991579ba6f5f1bd20a1ad2c9f06cd4
- name: github.com/getlantern/go-loggly
  version: d15e28ab7389ed5d644ccb891d9d54154e43cd27
- name: github.com/getlantern/goexpr
  version: 5d0d42bc7cb5cb4c2bdfb4a33e8447865ec715ec
  subpackages:
  - geo
  - isp
  - redis
- name: github.com/getlantern/golog
  version: e69a4a00c012e476efd814128cdcd4e04e641dc7
- name: github.com/getlantern/hex
  version: 083fba3033ad473db3dd31c9bb368473d37581a7
- name: github.com/getlantern/hidden
  version: d52a649ab33af200943bb599898dbdcfdbc94cb7
- name: github.com/getlantern/http-proxy
  version: b617417c38a996a004fc497d57857db6c1ad3f21
  subpackages:
  - buffers
  - commonfilter
  - filters
  - forward
  - httpconnect
  - listeners
  - logging
  - pforward
  - ratelimiter
  - server
  - utils
- name: github.com/getlantern/idletiming
  version: 7a71d2e71cf253f64b9610ce7aa9ddfc58aa9b2a
- name: github.com/getlantern/keyman
  version: 10caeb5133f874e91d12e9b256f6e316dfaa5ae0
  subpackages:
  - certimporter
- name: github.com/getlantern/lampshade
  version: 28e675fb0d5fa0ed745ee7e7336fbcce460da46c
- name: github.com/getlantern/measured
  version: 0582bf799783fba9a890459155817f1cbcf00f17
- name: github.com/getlantern/mockconn
  version: 422a5afd4432dd82b1389333d5352da003d898a6
- name: github.com/getlantern/mtime
  version: ba114e4a82b0d453c15c505073a5896453b5cbd2
- name: github.com/getlantern/netx
  version: c704f69db48c8406d722f6e9ea9b0ad266975fe6
- name: github.com/getlantern/ops
  version: b70875f5d689a9438bca72aefd7142a2af889b18
- name: github.com/getlantern/proxy
  version: 876829e39cf8243d123b02f02efe8da1266effb4
- name: github.com/getlantern/rotator
  version: 013d4f8e36a2f6369b2435d89866056b5b74c69e
- name: github.com/getlantern/sqlparser
  version: 57225f75cf94afde1b3a886b6376c7e5f0aef240
- name: github.com/getlantern/stack
  version: 02f928aad224fbccd50d66edd776fc9d1e9f2f2b
- name: github.com/getlantern/tcpinfo
  version: 02c9abeb5f94610d1b5ed11e90431f482f5bdb80
- name: github.com/getlantern/tlsdefaults
  version: 55d0dd468a195a4c8cb99ee0c1a2878cb7e72155
- name: github.com/getlantern/wal
  version: b17dbdbead93a94e64755a23855663cd8ff194d5
- name: github.com/getlantern/withtimeout
  version: 511f017cd91361be75ad73fee96e466a5d790312
- name: github.com/getlantern/zenodb
  version: 817671111b51543082c3f4dab5e6166c9fe69a29
  subpackages:
  - bytetree
  - common
  - core
  - encoding
  - expr
  - planner
  - rpc
  - sql
- name: github.com/golang/groupcache
  version: 72d04f9fcdec7d3821820cc4a6f150eae553639a
  subpackages:
  - lru
- name: github.com/golang/protobuf
  version: 2bba0603135d7d7f5cb73b2125beeda19c09f4ef
  subpackages:
  - proto
- name: github.com/golang/snappy
  version: 553a641470496b2327abcac10b36396bd98e45c9
- name: github.com/gonum/blas
  version: 430a98d0f42f5d7b9a9535580771233386034848
  subpackages:
  - blas64
  - native
  - native/internal/math32
- name: github.com/gonum/floats
  version: a2cbc5c70616cd18491ef2843231f6ce28b2cb02
- name: github.com/gonum/internal
  version: aa14b654e75da6e47f3c563fbda889112fe5ac94
  subpackages:
  - asm/f32
  - asm/f64
- name: github.com/gonum/lapack
  version: cbbc7c6464179082632adea15fd7b7ac5fb5220d
  subpackages:
  - lapack64
  - native
- name: github.com/gonum/matrix
  version: 1b010f5792b7006e929e4833b43628e6115c8988
  subpackages:
  - mat64
- name: github.com/gonum/stat
  version: 58876a7b243e3576c60aedfabee2e0c8531b4432
- name: github.com/gorilla/context
  version: 08b5f424b9271eedf6f9f0ce86cb9396ed337a42
- name: github.com/hashicorp/golang-lru
  version: 0a025b7e63adc15a622f29b0b2c4c3848243bbf6
  subpackages:
  - simplelru
- name: github.com/klauspost/cpuid
  version: 09cded8978dc9e80714c4d85b0322337b0a1e5e0
- name: github.com/mikioh/netreflect
  version: ed3bfaafd83195ce61f274eec0bd97aebbb7c3be
- name: github.com/mikioh/tcp
  version: 27ffbc4a017440bebf7efb5a6a47dc80037b2ea1
- name: github.com/mikioh/tcpopt
  version: 5f015213053d9037e94643d462e4b4d7d01015bc
- name: github.com/mxk/go-flowrate
  version: cca7078d478f8520f85629ad7c68962d31ed7682
  subpackages:
  - flowrate
- name: github.com/oschwald/geoip2-golang
  version: 0fd242da7906550802871efe101abfdb1cc550a8
- name: github.com/oschwald/maxminddb-golang
  version: 697da8075d2061aa8ed639346443f5d3e8c80b30
- name: github.com/oxtoacart/bpool
  version: 4e1c5567d7c2dd59fa4c7c83d34c2f3528b025d6
- name: github.com/rcrowley/go-metrics
  version: 1f30fe9094a513ce4c700b9a54458bbb0c96996c
- name: github.com/stretchr/testify
  version: 4d4bfba8f1d1027c4fdbe371823030df51419987
  subpackages:
  - assert
- name: github.com/vharitonsky/iniflags
  version: 94db042d45d83a94a8cfc494a6800ce1b5edd5e4
- name: github.com/visionmedia/go-debug
  version: ff4a55a20a86994118644bbddc6a216da193cc13
- name: github.com/xwb1989/sqlparser
  version: a9cdf22bd561e715bba34ee228cb1c06bfa2719c
  subpackages:
  - dependency/bson
  - dependency/bytes2
  - dependency/hack
  - dependency/sqltypes
- name: github.com/Yawning/chacha20
  version: c91e78db502ff629614837aacb7aa4efa61c651a
- name: golang.org/x/crypto
  version: 3cb07270c9455e8ad27956a70891c962d121a228
  subpackages:
  - chacha20poly1305
  - chacha20poly1305/internal/chacha20
  - curve25519
  - hkdf
  - nacl/secretbox
  - poly1305
  - salsa20/salsa
- name: golang.org/x/net
  version: ffcf1bedda3b04ebb15a168a59800a73d6dc0f4d
  repo: https://github.com/golang/net
  vcs: git
  subpackages:
  - bpf
  - context
  - http2
  - http2/hpack
  - idna
  - internal/iana
  - internal/netreflect
  - internal/timeseries
  - ipv4
  - lex/httplex
  - trace
- name: golang.org/x/sys
  version: 9a7256cb28ed514b4e1e5f68959914c4c28a92e0
  repo: https://github.com/golang/sys
  vcs: git
  subpackages:
  - unix
  - windows
- name: golang.org/x/text
  version: c3b0cbb40eb9a862fdc91f79bed8c7ac8e7a36e8
  subpackages:
  - secure/bidirule
  - transform
  - unicode/bidi
  - unicode/norm
- name: google.golang.org/appengine
  version: 56d253d1dd14aa01937e12c73a0971bcfd797ff2
  subpackages:
  - datastore
  - internal
  - internal/app_identity
  - internal/base
  - internal/datastore
  - internal/log
  - internal/modules
  - internal/remote_api
- name: google.golang.org/grpc
  version: 7fc29d0caa400efc53212b222356f99efe87d7d5
  subpackages:
  - codes
  - credentials
  - grpclog
  - internal
  - keepalive
  - metadata
  - naming
  - peer
  - stats
  - tap
  - transport
- name: gopkg.in/bsm/ratelimit.v1
  version: db14e161995a5177acef654cb0dd785e8ee8bc22
- name: gopkg.in/redis.v3
  version: b5e368500d0a508ef8f16e9c2d4025a8a46bcc29
  subpackages:
  - internal
  - internal/consistenthash
  - internal/hashtag
  - internal/pool
- name: gopkg.in/redis.v5
  version: a16aeec10ff407b1e7be6dd35797ccf5426ef0f0
  subpackages:
  - internal
  - internal/consistenthash
  - internal/hashtag
  - internal/pool
  - internal/proto
- name: gopkg.in/vmihailenco/msgpack.v2
  version: f784471e11a864303cc098fe5c48af8e79628f3e
  subpackages:
  - codes
testImports:
- name: github.com/davecgh/go-spew
  version: 04cdfd42973bb9c8589fd6a731800cf222fde1a9
  subpackages:
  - spew
- name: github.com/pmezard/go-difflib
  version: d8ed2627bdf02c080bf22230dbb337003b7aba2d
  subpackages:
  - difflib
