hash: 92a4750bafa5957feca5bda2f6c46655884012e54d9ba5169eeced5e053ce5dc
updated: 2018-01-26T13:46:00.573523-06:00
imports:
- name: git.torproject.org/pluggable-transports/goptlib.git
  version: a3ad5df6c9e7dc8117f55958b4ce99bf1e0fe291
- name: git.torproject.org/pluggable-transports/obfs4.git
  version: af4824cb0b2c36a0eba4bc1590eb0737302e992e
  subpackages:
  - common/csrand
  - common/drbg
  - common/ntor
  - common/probdist
  - common/replayfilter
  - transports/base
  - transports/obfs4
  - transports/obfs4/framing
- name: github.com/agl/ed25519
  version: 5312a61534124124185d41f09206b9fef1d88403
  subpackages:
  - edwards25519
  - extra25519
- name: github.com/aristanetworks/goarista
  version: bdff49616af24181f3b83535ed73127c615ba55a
  subpackages:
  - monotime
- name: github.com/blang/semver
  version: 2ee87856327ba09384cabd113bc6b5d174e9ec0f
- name: github.com/dchest/siphash
  version: 4ebf1de738443ea7f45f02dc394c4df1942a126d
- name: github.com/dustin/go-humanize
  version: bb3d318650d48840a39aa21a027c6630e198e626
- name: github.com/getlantern/appdir
  version: 659a155d06e8f3dd8b9f79d6147445897499b56b
- name: github.com/getlantern/bbrconn
  version: 9a5594c63329cf77582eccae41a8a75240a078fe
- name: github.com/getlantern/borda
  version: 03848add4b027c1691e59ac0e63497d001513556
  subpackages:
  - client
- name: github.com/getlantern/byteexec
  version: 4cfb26ec74f460fda433dc06fddfbad7ddee3072
- name: github.com/getlantern/bytemap
  version: ae8427dbf355130b32e5261c108917a630f7c36c
- name: github.com/getlantern/cmux
  version: ee58cae565e4f208c7eb59cb2e70acf2230a1d12
- name: github.com/getlantern/context
  version: 624d99b1798d7c5375ea1d3ca4c5b04d58f7c775
- name: github.com/getlantern/elevate
  version: 17962ac260bea7f687dda17741a8bcf1aa578033
  subpackages:
  - bin
- name: github.com/getlantern/ema
  version: d906ee7c3465210c328abbe6ea0f855db9db679c
- name: github.com/getlantern/enhttp
  version: d18e33ba3a88d96f2b4087be312a67f14dfaebd2
- name: github.com/getlantern/errors
  version: e9c0296368b736086adb20832549567064224854
- name: github.com/getlantern/eventual
  version: 84b02499361bd83c36db68d42f7d45aae760168e
- name: github.com/getlantern/filepersist
  version: c5f0cd24e7991579ba6f5f1bd20a1ad2c9f06cd4
- name: github.com/getlantern/geolookup
  version: 823d7ff3e6eb74dd6aae38a4b52207b19abfbf66
- name: github.com/getlantern/goexpr
  version: 610eae7c731492a5a32548ba652d7d998ce4400b
  subpackages:
  - geo
  - isp
  - redis
- name: github.com/getlantern/golog
  version: cca714f7feb5df8e455f409b549d384441ac4578
- name: github.com/getlantern/hex
  version: 083fba3033ad473db3dd31c9bb368473d37581a7
- name: github.com/getlantern/hidden
  version: d52a649ab33af200943bb599898dbdcfdbc94cb7
- name: github.com/getlantern/http-proxy
  version: 9f5d04da4a4c2c36070a01cfe4988ce834a431a1
  subpackages:
  - buffers
  - commonfilter
  - filters
  - forward
  - httpconnect
  - listeners
  - logging
  - proxyfilters
  - server
- name: github.com/getlantern/idletiming
  version: 7a71d2e71cf253f64b9610ce7aa9ddfc58aa9b2a
- name: github.com/getlantern/kcp-go
  version: 19559e0e938cb2af45ae30765c109f821da19b33
- name: github.com/getlantern/kcpwrapper
  version: a35c895f6de73d94ca04369ac0c311cb8a97c0f2
- name: github.com/getlantern/keyman
  version: 9d65bff0c88a85449195d54c38322e254b2ac34b
  subpackages:
  - certimporter
- name: github.com/getlantern/lampshade
  version: b10a301ad56e92a66ef15f22c7ba921e6b84a884
- name: github.com/getlantern/measured
  version: 0582bf799783fba9a890459155817f1cbcf00f17
- name: github.com/getlantern/mockconn
  version: 422a5afd4432dd82b1389333d5352da003d898a6
- name: github.com/getlantern/msgpack
  version: 922e6dcf94043edab4e690df4aa2016117f92fb7
  subpackages:
  - codes
- name: github.com/getlantern/mtime
  version: ba114e4a82b0d453c15c505073a5896453b5cbd2
- name: github.com/getlantern/netx
  version: 06a8a15aede91b4274bb0272108e16a4eabeca19
- name: github.com/getlantern/ops
  version: 37353306c90844c8e0591956f56611f46299d202
- name: github.com/getlantern/preconn
  version: 9d78068db81b714e7612e5d43030ee2e1ce6c49a
- name: github.com/getlantern/proxy
  version: 48c563c5d3a12636447a169b786638874ced97a3
  subpackages:
  - filters
- name: github.com/getlantern/rotator
  version: 013d4f8e36a2f6369b2435d89866056b5b74c69e
- name: github.com/getlantern/sqlparser
  version: a879d8035f3cd754fdda965da8305bb9d04ec439
  subpackages:
  - dependency/bson
  - dependency/bytes2
  - dependency/hack
  - dependency/sqltypes
- name: github.com/getlantern/stack
  version: 02f928aad224fbccd50d66edd776fc9d1e9f2f2b
- name: github.com/getlantern/tcpinfo
  version: c475b171ec955019a7906187bf6f4011d7d791fe
- name: github.com/getlantern/testredis
  version: 7e6b46b7ef1b3a29f9a2c3f060dfddb9cd17ef1b
- name: github.com/getlantern/tlsdefaults
  version: cf35cfd0b1b460b031536c9846ffcd5f7811dddb
- name: github.com/getlantern/tlsredis
  version: e14f04c41d2ecdeebd3481c0dbfa5c21c8666973
- name: github.com/getlantern/uuid
  version: 1318e7614b82cd38041b0b0bd3692d71f3901fb8
- name: github.com/getlantern/waitforserver
  version: 381a5878bd8ecb7001c361f2d5dcc3358460aa3e
- name: github.com/getlantern/wal
  version: 028a06aadcb93566469b90c0765fd2c1354718cc
- name: github.com/getlantern/withtimeout
  version: 511f017cd91361be75ad73fee96e466a5d790312
- name: github.com/getlantern/zenodb
  version: 4df20b29efb59a43b99fe2b6f75dd5f38a52616f
  subpackages:
  - bytetree
  - common
  - core
  - encoding
  - expr
  - planner
  - rpc
  - sql
- name: github.com/golang/groupcache
  version: 84a468cf14b4376def5d68c722b139b881c450a4
  subpackages:
  - lru
- name: github.com/golang/protobuf
  version: 925541529c1fa6821df4e44ce2723319eb2be768
  subpackages:
  - proto
  - ptypes
  - ptypes/any
  - ptypes/duration
  - ptypes/timestamp
- name: github.com/golang/snappy
  version: 553a641470496b2327abcac10b36396bd98e45c9
- name: github.com/gonum/blas
  version: e7c5890b24cf6f3bb173f76e1bd71e80e887e3f9
  subpackages:
  - blas64
  - native
  - native/internal/math32
- name: github.com/gonum/floats
  version: 7de1f4ea7ab57890bfd427af68c7994cd67975d4
- name: github.com/gonum/internal
  version: fda53f8d25717c07e2dac25758075a182bd74235
  subpackages:
  - asm/f32
  - asm/f64
- name: github.com/gonum/lapack
  version: f0b8b25edeceafb3a2752941c7bf0cda962df112
  subpackages:
  - lapack64
  - native
- name: github.com/gonum/matrix
  version: a41cc49d4c29f7451775f4379a5cc6ec6239dfab
  subpackages:
  - mat64
- name: github.com/gonum/stat
  version: ec9c8a1062f4be6c6ad671f0f5dba12d4a76826d
- name: github.com/gorilla/context
  version: 08b5f424b9271eedf6f9f0ce86cb9396ed337a42
- name: github.com/hashicorp/golang-lru
  version: 0a025b7e63adc15a622f29b0b2c4c3848243bbf6
  subpackages:
  - simplelru
- name: github.com/klauspost/cpuid
  version: ae832f27941af41db13bd6d8efd2493e3b22415a
- name: github.com/mikioh/tcp
  version: 47f8f0a99cba808822a9a4b7eb339ddb40cbbc9d
- name: github.com/mikioh/tcpopt
  version: 55475675a638cfb3b97c617bb65d91834a663d7f
- name: github.com/mxk/go-flowrate
  version: cca7078d478f8520f85629ad7c68962d31ed7682
  subpackages:
  - flowrate
- name: github.com/oschwald/geoip2-golang
  version: 5b1dc16861f81d05d9836bb21c2d0d65282fc0b8
- name: github.com/oschwald/maxminddb-golang
  version: 8727e98aa1b91610eb184ed1ab615943b8d9deb0
- name: github.com/oxtoacart/bpool
  version: 4e1c5567d7c2dd59fa4c7c83d34c2f3528b025d6
- name: github.com/pkg/errors
  version: e881fd58d78e04cf6d0de1217f8707c8cc2249bc
- name: github.com/rcrowley/go-metrics
  version: 8732c616f52954686704c8645fe1a9d59e9df7c1
- name: github.com/siddontang/ledisdb
  version: 56900470a899883f691bcdf6bea4ac547f2a9a6f
  subpackages:
  - config
  - ledis
  - rpl
  - server
  - store
  - store/driver
  - store/goleveldb
  - store/leveldb
  - store/rocksdb
- name: github.com/stretchr/testify
  version: 87b1dfb5b2fa649f52695dd9eae19abe404a4308
  subpackages:
  - assert
- name: github.com/templexxx/cpufeat
  version: 3794dfbfb04749f896b521032f69383f24c3687e
- name: github.com/templexxx/reedsolomon
  version: 7092926d7d05c415fabb892b1464a03f8228ab80
- name: github.com/templexxx/xor
  version: 0af8e873c554da75f37f2049cdffda804533d44c
- name: github.com/tjfoc/gmsm
  version: 98aa888b79d8de04afe0fccf45ed10594efc858b
  subpackages:
  - sm4
- name: github.com/vharitonsky/iniflags
  version: e2b4a6da96d46d6660e977fe22eda5ea0f2b35d2
- name: github.com/xtaci/kcp-go
  version: 86eebd5cadb519b7c9306082c7eb3bcee2c49a7b
- name: github.com/xtaci/smux
  version: e28719eede1ac5714cf0b06ba2f403125864ebe0
- name: github.com/xwb1989/sqlparser
  version: da747e0c62c4e145ebd7484cf69f92c0dd192305
  subpackages:
  - dependency/hack
- name: github.com/Yawning/chacha20
  version: e3b1f968fc6397b51d963fee8ec8711a47bc0ce8
- name: golang.org/x/crypto
  version: 0efb9460aaf800c6376acf625be2853bceac2e06
  subpackages:
  - blowfish
  - cast5
  - chacha20poly1305
  - curve25519
  - hkdf
  - internal/chacha20
  - nacl/secretbox
  - pbkdf2
  - poly1305
  - salsa20
  - salsa20/salsa
  - tea
  - twofish
  - xtea
- name: golang.org/x/net
  version: 0ed95abb35c445290478a5348a7b38bb154135fd
  repo: https://github.com/golang/net
  vcs: git
  subpackages:
  - bpf
  - context
  - http2
  - http2/hpack
  - idna
  - internal/iana
  - internal/socket
  - internal/timeseries
  - ipv4
  - lex/httplex
  - trace
- name: golang.org/x/sys
  version: ff2a66f350cefa5c93a634eadb5d25bb60c85a9c
  repo: https://github.com/golang/sys
  vcs: git
  subpackages:
  - unix
  - windows
- name: golang.org/x/text
  version: e19ae1496984b1c655b8044a65c0300a3c878dd3
  subpackages:
  - secure/bidirule
  - transform
  - unicode/bidi
  - unicode/norm
- name: google.golang.org/appengine
  version: 5bee14b453b4c71be47ec1781b0fa61c2ea182db
  subpackages:
  - datastore
  - internal
  - internal/app_identity
  - internal/base
  - internal/datastore
  - internal/log
  - internal/modules
  - internal/remote_api
- name: google.golang.org/genproto
  version: 4eb30f4778eed4c258ba66527a0d4f9ec8a36c45
  subpackages:
  - googleapis/rpc/status
- name: google.golang.org/grpc
  version: 0bd008f5fadb62d228f12b18d016709e8139a7af
  subpackages:
  - balancer
  - balancer/base
  - balancer/roundrobin
  - codes
  - connectivity
  - credentials
  - encoding
  - encoding/proto
  - grpclb/grpc_lb_v1/messages
  - grpclog
  - internal
  - keepalive
  - metadata
  - naming
  - peer
  - resolver
  - resolver/dns
  - resolver/passthrough
  - stats
  - status
  - tap
  - transport
- name: gopkg.in/redis.v5
  version: a16aeec10ff407b1e7be6dd35797ccf5426ef0f0
  subpackages:
  - internal
  - internal/consistenthash
  - internal/hashtag
  - internal/pool
  - internal/proto
testImports:
- name: github.com/cupcake/rdb
  version: 43ba34106c765f2111c0dc7b74cdf8ee437411e0
  subpackages:
  - crc64
  - nopdecoder
- name: github.com/davecgh/go-spew
  version: ecdeabc65495df2dec95d7c4a4c3e021903035e5
  subpackages:
  - spew
- name: github.com/edsrzf/mmap-go
  version: 0bce6a6887123b67a60366d2c9fe2dfb74289d2e
- name: github.com/glendc/gopher-json
  version: dc4743023d0c166c1b844da8fc688e57ec65fe0b
- name: github.com/pelletier/go-toml
  version: acdc4509485b587f5e675510c4f2c63e90ff68a8
- name: github.com/pmezard/go-difflib
  version: 792786c7400a136282c1664665ae0a8db921c6c2
  subpackages:
  - difflib
- name: github.com/siddontang/go
  version: cb568a3e5cc06256f91a2da5a87455f717eb33f4
  subpackages:
  - bson
  - filelock
  - hack
  - ioutil2
  - log
  - num
  - snappy
  - sync2
- name: github.com/siddontang/goredis
  version: 760763f78400635ed7b9b115511b8ed06035e908
- name: github.com/siddontang/rdb
  version: fc89ed2e418d27e3ea76e708e54276d2b44ae9cf
- name: github.com/syndtr/goleveldb
  version: 34011bf325bce385408353a30b101fe5e923eb6e
  subpackages:
  - leveldb
  - leveldb/cache
  - leveldb/comparer
  - leveldb/errors
  - leveldb/filter
  - leveldb/iterator
  - leveldb/journal
  - leveldb/memdb
  - leveldb/opt
  - leveldb/storage
  - leveldb/table
  - leveldb/util
- name: github.com/ugorji/go
  version: 9831f2c3ac1068a78f50999a30db84270f647af6
  subpackages:
  - codec
- name: github.com/yuin/gopher-lua
  version: 7d7bc8747e3f614c5c587729a341fe7d8903cdb8
  subpackages:
  - ast
  - parse
  - pm
